
Microsoft Visual Studio Solution File, Format Version 12.00
# Visual Studio Version 17
VisualStudioVersion = 17.7.34221.43
MinimumVisualStudioVersion = 10.0.40219.1
Project("{FAE04EC0-301F-11D3-BF4B-00C04F79EFBC}") = "library-management-system-v2", "library-management-system-v2\library-management-system-v2.csproj", "{662A8509-F91A-46E4-8981-0496058E04CB}"
EndProject
Global
	GlobalSection(SolutionConfigurationPlatforms) = preSolution
		Debug|Any CPU = Debug|Any CPU
		Release|Any CPU = Release|Any CPU
	EndGlobalSection
	GlobalSection(ProjectConfigurationPlatforms) = postSolution
		{662A8509-F91A-46E4-8981-0496058E04CB}.Debug|Any CPU.ActiveCfg = Debug|Any CPU
		{662A8509-F91A-46E4-8981-0496058E04CB}.Debug|Any CPU.Build.0 = Debug|Any CPU
		{662A8509-F91A-46E4-8981-0496058E04CB}.Release|Any CPU.ActiveCfg = Release|Any CPU
		{662A8509-F91A-46E4-8981-0496058E04CB}.Release|Any CPU.Build.0 = Release|Any CPU
	EndGlobalSection
	GlobalSection(SolutionProperties) = preSolution
		HideSolutionNode = FALSE
	EndGlobalSection
	GlobalSection(ExtensibilityGlobals) = postSolution
		SolutionGuid = {AB9FAF49-8C7E-45DF-9D7B-6871EB582D70}
	EndGlobalSection
EndGlobal
